// !$*UTF8*$!
{
	archiveVersion = 1;
	classes = {
	};
	objectVersion = 46;
	objects = {

/* Begin PBXBuildFile section */
		8426E70E1B8C83470054DD6A /* InsetGrid.m in Sources */ = {isa = PBXBuildFile; fileRef = 8426E70D1B8C83470054DD6A /* InsetGrid.m */; };
		8450F4CA1B830DDD00F57117 /* CardMatchingGame.m in Sources */ = {isa = PBXBuildFile; fileRef = 8450F4C91B830DDD00F57117 /* CardMatchingGame.m */; };
		848AD0191B8AF7CD0020A0D5 /* PlayingCardView.m in Sources */ = {isa = PBXBuildFile; fileRef = 848AD0181B8AF7CD0020A0D5 /* PlayingCardView.m */; };
		848AD01C1B8AF9F90020A0D5 /* Grid.m in Sources */ = {isa = PBXBuildFile; fileRef = 848AD01B1B8AF9F90020A0D5 /* Grid.m */; };
		84AEA0731B82161800737911 /* main.m in Sources */ = {isa = PBXBuildFile; fileRef = 84AEA0721B82161800737911 /* main.m */; };
		84AEA0761B82161800737911 /* AppDelegate.m in Sources */ = {isa = PBXBuildFile; fileRef = 84AEA0751B82161800737911 /* AppDelegate.m */; };
		84AEA0791B82161800737911 /* CardGameViewController.m in Sources */ = {isa = PBXBuildFile; fileRef = 84AEA0781B82161800737911 /* CardGameViewController.m */; };
		84AEA07C1B82161800737911 /* Main.storyboard in Resources */ = {isa = PBXBuildFile; fileRef = 84AEA07A1B82161800737911 /* Main.storyboard */; };
		84AEA07E1B82161800737911 /* Images.xcassets in Resources */ = {isa = PBXBuildFile; fileRef = 84AEA07D1B82161800737911 /* Images.xcassets */; };
		84AEA0811B82161800737911 /* LaunchScreen.xib in Resources */ = {isa = PBXBuildFile; fileRef = 84AEA07F1B82161800737911 /* LaunchScreen.xib */; };
		84AEA08D1B82161800737911 /* MatchismoTests.m in Sources */ = {isa = PBXBuildFile; fileRef = 84AEA08C1B82161800737911 /* MatchismoTests.m */; };
		84AEA0981B82248000737911 /* Card.m in Sources */ = {isa = PBXBuildFile; fileRef = 84AEA0971B82248000737911 /* Card.m */; };
		84AEA09B1B822C2000737911 /* Deck.m in Sources */ = {isa = PBXBuildFile; fileRef = 84AEA09A1B822C2000737911 /* Deck.m */; };
		84AEA09E1B8235C400737911 /* PlayingCard.m in Sources */ = {isa = PBXBuildFile; fileRef = 84AEA09D1B8235C400737911 /* PlayingCard.m */; };
		84AEA0A11B823BFA00737911 /* PlayingCardDeck.m in Sources */ = {isa = PBXBuildFile; fileRef = 84AEA0A01B823BFA00737911 /* PlayingCardDeck.m */; };
		84E6FF201B84D67900E5F520 /* PlayingCardViewController.m in Sources */ = {isa = PBXBuildFile; fileRef = 84E6FF1F1B84D67900E5F520 /* PlayingCardViewController.m */; };
		84E6FF291B85EAAC00E5F520 /* SetCard.m in Sources */ = {isa = PBXBuildFile; fileRef = 84E6FF281B85EAAC00E5F520 /* SetCard.m */; };
		84E6FF2C1B85F04500E5F520 /* SetCardDeck.m in Sources */ = {isa = PBXBuildFile; fileRef = 84E6FF2B1B85F04500E5F520 /* SetCardDeck.m */; };
		84E6FF2F1B86048200E5F520 /* SetCardViewController.m in Sources */ = {isa = PBXBuildFile; fileRef = 84E6FF2E1B86048200E5F520 /* SetCardViewController.m */; };
		84ED0A7A1B8B531E0043D62D /* SetCardView.m in Sources */ = {isa = PBXBuildFile; fileRef = 84ED0A791B8B531E0043D62D /* SetCardView.m */; };
/* End PBXBuildFile section */

/* Begin PBXContainerItemProxy section */
		84AEA0871B82161800737911 /* PBXContainerItemProxy */ = {
			isa = PBXContainerItemProxy;
			containerPortal = 84AEA0651B82161700737911 /* Project object */;
			proxyType = 1;
			remoteGlobalIDString = 84AEA06C1B82161700737911;
			remoteInfo = Matchisma;
		};
/* End PBXContainerItemProxy section */

/* Begin PBXFileReference section */
		8426E70C1B8C83470054DD6A /* InsetGrid.h */ = {isa = PBXFileReference; fileEncoding = 4; lastKnownFileType = sourcecode.c.h; path = InsetGrid.h; sourceTree = "<group>"; };
		8426E70D1B8C83470054DD6A /* InsetGrid.m */ = {isa = PBXFileReference; fileEncoding = 4; lastKnownFileType = sourcecode.c.objc; path = InsetGrid.m; sourceTree = "<group>"; };
		8450F4C81B830DDD00F57117 /* CardMatchingGame.h */ = {isa = PBXFileReference; fileEncoding = 4; lastKnownFileType = sourcecode.c.h; name = CardMatchingGame.h; path = Model/CardMatchingGame.h; sourceTree = "<group>"; };
		8450F4C91B830DDD00F57117 /* CardMatchingGame.m */ = {isa = PBXFileReference; fileEncoding = 4; lastKnownFileType = sourcecode.c.objc; name = CardMatchingGame.m; path = Model/CardMatchingGame.m; sourceTree = "<group>"; };
		848AD0171B8AF7CD0020A0D5 /* PlayingCardView.h */ = {isa = PBXFileReference; fileEncoding = 4; lastKnownFileType = sourcecode.c.h; name = PlayingCardView.h; path = ../../../../Downloads/SuperCard/SuperCard/PlayingCardView.h; sourceTree = "<group>"; };
		848AD0181B8AF7CD0020A0D5 /* PlayingCardView.m */ = {isa = PBXFileReference; fileEncoding = 4; lastKnownFileType = sourcecode.c.objc; name = PlayingCardView.m; path = ../../../../Downloads/SuperCard/SuperCard/PlayingCardView.m; sourceTree = "<group>"; };
		848AD01A1B8AF9F90020A0D5 /* Grid.h */ = {isa = PBXFileReference; fileEncoding = 4; lastKnownFileType = sourcecode.c.h; name = Grid.h; path = ../../../../Downloads/Grid/Grid.h; sourceTree = "<group>"; };
		848AD01B1B8AF9F90020A0D5 /* Grid.m */ = {isa = PBXFileReference; fileEncoding = 4; lastKnownFileType = sourcecode.c.objc; name = Grid.m; path = ../../../../Downloads/Grid/Grid.m; sourceTree = "<group>"; };
		84AEA06D1B82161700737911 /* Matchismo.app */ = {isa = PBXFileReference; explicitFileType = wrapper.application; includeInIndex = 0; path = Matchismo.app; sourceTree = BUILT_PRODUCTS_DIR; };
		84AEA0711B82161700737911 /* Info.plist */ = {isa = PBXFileReference; lastKnownFileType = text.plist.xml; path = Info.plist; sourceTree = "<group>"; };
		84AEA0721B82161800737911 /* main.m */ = {isa = PBXFileReference; lastKnownFileType = sourcecode.c.objc; path = main.m; sourceTree = "<group>"; };
		84AEA0741B82161800737911 /* AppDelegate.h */ = {isa = PBXFileReference; lastKnownFileType = sourcecode.c.h; path = AppDelegate.h; sourceTree = "<group>"; };
		84AEA0751B82161800737911 /* AppDelegate.m */ = {isa = PBXFileReference; lastKnownFileType = sourcecode.c.objc; path = AppDelegate.m; sourceTree = "<group>"; };
		84AEA0771B82161800737911 /* CardGameViewController.h */ = {isa = PBXFileReference; lastKnownFileType = sourcecode.c.h; path = CardGameViewController.h; sourceTree = "<group>"; };
		84AEA0781B82161800737911 /* CardGameViewController.m */ = {isa = PBXFileReference; lastKnownFileType = sourcecode.c.objc; path = CardGameViewController.m; sourceTree = "<group>"; };
		84AEA07B1B82161800737911 /* Base */ = {isa = PBXFileReference; lastKnownFileType = file.storyboard; name = Base; path = Base.lproj/Main.storyboard; sourceTree = "<group>"; };
		84AEA07D1B82161800737911 /* Images.xcassets */ = {isa = PBXFileReference; lastKnownFileType = folder.assetcatalog; path = Images.xcassets; sourceTree = "<group>"; };
		84AEA0801B82161800737911 /* Base */ = {isa = PBXFileReference; lastKnownFileType = file.xib; name = Base; path = Base.lproj/LaunchScreen.xib; sourceTree = "<group>"; };
		84AEA0861B82161800737911 /* MatchismoTests.xctest */ = {isa = PBXFileReference; explicitFileType = wrapper.cfbundle; includeInIndex = 0; path = MatchismoTests.xctest; sourceTree = BUILT_PRODUCTS_DIR; };
		84AEA08B1B82161800737911 /* Info.plist */ = {isa = PBXFileReference; lastKnownFileType = text.plist.xml; path = Info.plist; sourceTree = "<group>"; };
		84AEA08C1B82161800737911 /* MatchismoTests.m */ = {isa = PBXFileReference; lastKnownFileType = sourcecode.c.objc; path = MatchismoTests.m; sourceTree = "<group>"; };
		84AEA0961B82248000737911 /* Card.h */ = {isa = PBXFileReference; fileEncoding = 4; lastKnownFileType = sourcecode.c.h; name = Card.h; path = Model/Card.h; sourceTree = "<group>"; };
		84AEA0971B82248000737911 /* Card.m */ = {isa = PBXFileReference; fileEncoding = 4; lastKnownFileType = sourcecode.c.objc; name = Card.m; path = Model/Card.m; sourceTree = "<group>"; };
		84AEA0991B822C2000737911 /* Deck.h */ = {isa = PBXFileReference; fileEncoding = 4; lastKnownFileType = sourcecode.c.h; name = Deck.h; path = Model/Deck.h; sourceTree = "<group>"; };
		84AEA09A1B822C2000737911 /* Deck.m */ = {isa = PBXFileReference; fileEncoding = 4; lastKnownFileType = sourcecode.c.objc; name = Deck.m; path = Model/Deck.m; sourceTree = "<group>"; };
		84AEA09C1B8235C400737911 /* PlayingCard.h */ = {isa = PBXFileReference; fileEncoding = 4; lastKnownFileType = sourcecode.c.h; name = PlayingCard.h; path = Model/PlayingCard.h; sourceTree = "<group>"; };
		84AEA09D1B8235C400737911 /* PlayingCard.m */ = {isa = PBXFileReference; fileEncoding = 4; lastKnownFileType = sourcecode.c.objc; name = PlayingCard.m; path = Model/PlayingCard.m; sourceTree = "<group>"; };
		84AEA09F1B823BFA00737911 /* PlayingCardDeck.h */ = {isa = PBXFileReference; fileEncoding = 4; lastKnownFileType = sourcecode.c.h; name = PlayingCardDeck.h; path = Model/PlayingCardDeck.h; sourceTree = "<group>"; };
		84AEA0A01B823BFA00737911 /* PlayingCardDeck.m */ = {isa = PBXFileReference; fileEncoding = 4; lastKnownFileType = sourcecode.c.objc; name = PlayingCardDeck.m; path = Model/PlayingCardDeck.m; sourceTree = "<group>"; };
		84E6FF1E1B84D67900E5F520 /* PlayingCardViewController.h */ = {isa = PBXFileReference; fileEncoding = 4; lastKnownFileType = sourcecode.c.h; path = PlayingCardViewController.h; sourceTree = "<group>"; };
		84E6FF1F1B84D67900E5F520 /* PlayingCardViewController.m */ = {isa = PBXFileReference; fileEncoding = 4; lastKnownFileType = sourcecode.c.objc; path = PlayingCardViewController.m; sourceTree = "<group>"; };
		84E6FF271B85EAAC00E5F520 /* SetCard.h */ = {isa = PBXFileReference; fileEncoding = 4; lastKnownFileType = sourcecode.c.h; name = SetCard.h; path = Model/SetCard.h; sourceTree = "<group>"; };
		84E6FF281B85EAAC00E5F520 /* SetCard.m */ = {isa = PBXFileReference; fileEncoding = 4; lastKnownFileType = sourcecode.c.objc; name = SetCard.m; path = Model/SetCard.m; sourceTree = "<group>"; };
		84E6FF2A1B85F04500E5F520 /* SetCardDeck.h */ = {isa = PBXFileReference; fileEncoding = 4; lastKnownFileType = sourcecode.c.h; name = SetCardDeck.h; path = Model/SetCardDeck.h; sourceTree = "<group>"; };
		84E6FF2B1B85F04500E5F520 /* SetCardDeck.m */ = {isa = PBXFileReference; fileEncoding = 4; lastKnownFileType = sourcecode.c.objc; name = SetCardDeck.m; path = Model/SetCardDeck.m; sourceTree = "<group>"; };
		84E6FF2D1B86048200E5F520 /* SetCardViewController.h */ = {isa = PBXFileReference; fileEncoding = 4; lastKnownFileType = sourcecode.c.h; path = SetCardViewController.h; sourceTree = "<group>"; };
		84E6FF2E1B86048200E5F520 /* SetCardViewController.m */ = {isa = PBXFileReference; fileEncoding = 4; lastKnownFileType = sourcecode.c.objc; path = SetCardViewController.m; sourceTree = "<group>"; };
		84ED0A781B8B531E0043D62D /* SetCardView.h */ = {isa = PBXFileReference; fileEncoding = 4; lastKnownFileType = sourcecode.c.h; path = SetCardView.h; sourceTree = "<group>"; };
		84ED0A791B8B531E0043D62D /* SetCardView.m */ = {isa = PBXFileReference; fileEncoding = 4; lastKnownFileType = sourcecode.c.objc; path = SetCardView.m; sourceTree = "<group>"; };
/* End PBXFileReference section */

/* Begin PBXFrameworksBuildPhase section */
		84AEA06A1B82161700737911 /* Frameworks */ = {
			isa = PBXFrameworksBuildPhase;
			buildActionMask = 2147483647;
			files = (
			);
			runOnlyForDeploymentPostprocessing = 0;
		};
		84AEA0831B82161800737911 /* Frameworks */ = {
			isa = PBXFrameworksBuildPhase;
			buildActionMask = 2147483647;
			files = (
			);
			runOnlyForDeploymentPostprocessing = 0;
		};
/* End PBXFrameworksBuildPhase section */

/* Begin PBXGroup section */
		8450F4CB1B83689A00F57117 /* Model */ = {
			isa = PBXGroup;
			children = (
				84AEA0961B82248000737911 /* Card.h */,
				84AEA0971B82248000737911 /* Card.m */,
				84AEA0991B822C2000737911 /* Deck.h */,
				84AEA09A1B822C2000737911 /* Deck.m */,
				84AEA09C1B8235C400737911 /* PlayingCard.h */,
				84AEA09F1B823BFA00737911 /* PlayingCardDeck.h */,
				84E6FF271B85EAAC00E5F520 /* SetCard.h */,
				84E6FF281B85EAAC00E5F520 /* SetCard.m */,
				84AEA0A01B823BFA00737911 /* PlayingCardDeck.m */,
				84AEA09D1B8235C400737911 /* PlayingCard.m */,
				8450F4C81B830DDD00F57117 /* CardMatchingGame.h */,
				8450F4C91B830DDD00F57117 /* CardMatchingGame.m */,
				84E6FF2A1B85F04500E5F520 /* SetCardDeck.h */,
				84E6FF2B1B85F04500E5F520 /* SetCardDeck.m */,
			);
			name = Model;
			sourceTree = "<group>";
		};
		84AEA0641B82161700737911 = {
			isa = PBXGroup;
			children = (
				84AEA06F1B82161700737911 /* Matchismo */,
				84AEA0891B82161800737911 /* MatchismoTests */,
				84AEA06E1B82161700737911 /* Products */,
			);
			sourceTree = "<group>";
		};
		84AEA06E1B82161700737911 /* Products */ = {
			isa = PBXGroup;
			children = (
				84AEA06D1B82161700737911 /* Matchismo.app */,
				84AEA0861B82161800737911 /* MatchismoTests.xctest */,
			);
			name = Products;
			sourceTree = "<group>";
		};
		84AEA06F1B82161700737911 /* Matchismo */ = {
			isa = PBXGroup;
			children = (
				848AD01A1B8AF9F90020A0D5 /* Grid.h */,
				848AD01B1B8AF9F90020A0D5 /* Grid.m */,
				84ED0A781B8B531E0043D62D /* SetCardView.h */,
				84ED0A791B8B531E0043D62D /* SetCardView.m */,
				848AD0171B8AF7CD0020A0D5 /* PlayingCardView.h */,
				848AD0181B8AF7CD0020A0D5 /* PlayingCardView.m */,
				8450F4CB1B83689A00F57117 /* Model */,
				84AEA0771B82161800737911 /* CardGameViewController.h */,
				84AEA0781B82161800737911 /* CardGameViewController.m */,
				84AEA07A1B82161800737911 /* Main.storyboard */,
				84AEA07D1B82161800737911 /* Images.xcassets */,
				84AEA07F1B82161800737911 /* LaunchScreen.xib */,
				84AEA0701B82161700737911 /* Supporting Files */,
				84E6FF1E1B84D67900E5F520 /* PlayingCardViewController.h */,
				84E6FF1F1B84D67900E5F520 /* PlayingCardViewController.m */,
				84E6FF2D1B86048200E5F520 /* SetCardViewController.h */,
				84E6FF2E1B86048200E5F520 /* SetCardViewController.m */,
				8426E70C1B8C83470054DD6A /* InsetGrid.h */,
				8426E70D1B8C83470054DD6A /* InsetGrid.m */,
			);
			name = Matchismo;
			path = ../Matchismo/Matchismo;
			sourceTree = "<group>";
		};
		84AEA0701B82161700737911 /* Supporting Files */ = {
			isa = PBXGroup;
			children = (
				84AEA0741B82161800737911 /* AppDelegate.h */,
				84AEA0751B82161800737911 /* AppDelegate.m */,
				84AEA0711B82161700737911 /* Info.plist */,
				84AEA0721B82161800737911 /* main.m */,
			);
			name = "Supporting Files";
			sourceTree = "<group>";
		};
		84AEA0891B82161800737911 /* MatchismoTests */ = {
			isa = PBXGroup;
			children = (
				84AEA08C1B82161800737911 /* MatchismoTests.m */,
				84AEA08A1B82161800737911 /* Supporting Files */,
			);
			path = MatchismoTests;
			sourceTree = "<group>";
		};
		84AEA08A1B82161800737911 /* Supporting Files */ = {
			isa = PBXGroup;
			children = (
				84AEA08B1B82161800737911 /* Info.plist */,
			);
			name = "Supporting Files";
			sourceTree = "<group>";
		};
/* End PBXGroup section */

/* Begin PBXNativeTarget section */
		84AEA06C1B82161700737911 /* Matchismo */ = {
			isa = PBXNativeTarget;
			buildConfigurationList = 84AEA0901B82161800737911 /* Build configuration list for PBXNativeTarget "Matchismo" */;
			buildPhases = (
				84AEA0691B82161700737911 /* Sources */,
				84AEA06A1B82161700737911 /* Frameworks */,
				84AEA06B1B82161700737911 /* Resources */,
			);
			buildRules = (
			);
			dependencies = (
			);
			name = Matchismo;
			productName = Matchisma;
			productReference = 84AEA06D1B82161700737911 /* Matchismo.app */;
			productType = "com.apple.product-type.application";
		};
		84AEA0851B82161800737911 /* MatchismoTests */ = {
			isa = PBXNativeTarget;
			buildConfigurationList = 84AEA0931B82161800737911 /* Build configuration list for PBXNativeTarget "MatchismoTests" */;
			buildPhases = (
				84AEA0821B82161800737911 /* Sources */,
				84AEA0831B82161800737911 /* Frameworks */,
				84AEA0841B82161800737911 /* Resources */,
			);
			buildRules = (
			);
			dependencies = (
				84AEA0881B82161800737911 /* PBXTargetDependency */,
			);
			name = MatchismoTests;
			productName = MatchismaTests;
			productReference = 84AEA0861B82161800737911 /* MatchismoTests.xctest */;
			productType = "com.apple.product-type.bundle.unit-test";
		};
/* End PBXNativeTarget section */

/* Begin PBXProject section */
		84AEA0651B82161700737911 /* Project object */ = {
			isa = PBXProject;
			attributes = {
				LastUpgradeCheck = 0640;
				ORGANIZATIONNAME = "Barak Yoresh";
				TargetAttributes = {
					84AEA06C1B82161700737911 = {
						CreatedOnToolsVersion = 6.4;
					};
					84AEA0851B82161800737911 = {
						CreatedOnToolsVersion = 6.4;
						TestTargetID = 84AEA06C1B82161700737911;
					};
				};
			};
			buildConfigurationList = 84AEA0681B82161700737911 /* Build configuration list for PBXProject "Matchismo" */;
			compatibilityVersion = "Xcode 3.2";
			developmentRegion = English;
			hasScannedForEncodings = 0;
			knownRegions = (
				en,
				Base,
			);
			mainGroup = 84AEA0641B82161700737911;
			productRefGroup = 84AEA06E1B82161700737911 /* Products */;
			projectDirPath = "";
			projectRoot = "";
			targets = (
				84AEA06C1B82161700737911 /* Matchismo */,
				84AEA0851B82161800737911 /* MatchismoTests */,
			);
		};
/* End PBXProject section */

/* Begin PBXResourcesBuildPhase section */
		84AEA06B1B82161700737911 /* Resources */ = {
			isa = PBXResourcesBuildPhase;
			buildActionMask = 2147483647;
			files = (
				84AEA07C1B82161800737911 /* Main.storyboard in Resources */,
				84AEA0811B82161800737911 /* LaunchScreen.xib in Resources */,
				84AEA07E1B82161800737911 /* Images.xcassets in Resources */,
			);
			runOnlyForDeploymentPostprocessing = 0;
		};
		84AEA0841B82161800737911 /* Resources */ = {
			isa = PBXResourcesBuildPhase;
			buildActionMask = 2147483647;
			files = (
			);
			runOnlyForDeploymentPostprocessing = 0;
		};
/* End PBXResourcesBuildPhase section */

/* Begin PBXSourcesBuildPhase section */
		84AEA0691B82161700737911 /* Sources */ = {
			isa = PBXSourcesBuildPhase;
			buildActionMask = 2147483647;
			files = (
				84AEA09E1B8235C400737911 /* PlayingCard.m in Sources */,
				8426E70E1B8C83470054DD6A /* InsetGrid.m in Sources */,
				84AEA09B1B822C2000737911 /* Deck.m in Sources */,
				84E6FF291B85EAAC00E5F520 /* SetCard.m in Sources */,
				84E6FF201B84D67900E5F520 /* PlayingCardViewController.m in Sources */,
				84AEA0791B82161800737911 /* CardGameViewController.m in Sources */,
				84AEA0761B82161800737911 /* AppDelegate.m in Sources */,
				8450F4CA1B830DDD00F57117 /* CardMatchingGame.m in Sources */,
				84AEA0A11B823BFA00737911 /* PlayingCardDeck.m in Sources */,
				84ED0A7A1B8B531E0043D62D /* SetCardView.m in Sources */,
				84E6FF2C1B85F04500E5F520 /* SetCardDeck.m in Sources */,
				848AD01C1B8AF9F90020A0D5 /* Grid.m in Sources */,
				84AEA0731B82161800737911 /* main.m in Sources */,
				848AD0191B8AF7CD0020A0D5 /* PlayingCardView.m in Sources */,
				84AEA0981B82248000737911 /* Card.m in Sources */,
				84E6FF2F1B86048200E5F520 /* SetCardViewController.m in Sources */,
			);
			runOnlyForDeploymentPostprocessing = 0;
		};
		84AEA0821B82161800737911 /* Sources */ = {
			isa = PBXSourcesBuildPhase;
			buildActionMask = 2147483647;
			files = (
				84AEA08D1B82161800737911 /* MatchismoTests.m in Sources */,
			);
			runOnlyForDeploymentPostprocessing = 0;
		};
/* End PBXSourcesBuildPhase section */

/* Begin PBXTargetDependency section */
		84AEA0881B82161800737911 /* PBXTargetDependency */ = {
			isa = PBXTargetDependency;
			target = 84AEA06C1B82161700737911 /* Matchismo */;
			targetProxy = 84AEA0871B82161800737911 /* PBXContainerItemProxy */;
		};
/* End PBXTargetDependency section */

/* Begin PBXVariantGroup section */
		84AEA07A1B82161800737911 /* Main.storyboard */ = {
			isa = PBXVariantGroup;
			children = (
				84AEA07B1B82161800737911 /* Base */,
			);
			name = Main.storyboard;
			sourceTree = "<group>";
		};
		84AEA07F1B82161800737911 /* LaunchScreen.xib */ = {
			isa = PBXVariantGroup;
			children = (
				84AEA0801B82161800737911 /* Base */,
			);
			name = LaunchScreen.xib;
			sourceTree = "<group>";
		};
/* End PBXVariantGroup section */

/* Begin XCBuildConfiguration section */
		84AEA08E1B82161800737911 /* Debug */ = {
			isa = XCBuildConfiguration;
			buildSettings = {
				ALWAYS_SEARCH_USER_PATHS = NO;
				CLANG_CXX_LANGUAGE_STANDARD = "gnu++0x";
				CLANG_CXX_LIBRARY = "libc++";
				CLANG_ENABLE_MODULES = YES;
				CLANG_ENABLE_OBJC_ARC = YES;
				CLANG_WARN_BOOL_CONVERSION = YES;
				CLANG_WARN_CONSTANT_CONVERSION = YES;
				CLANG_WARN_DIRECT_OBJC_ISA_USAGE = YES_ERROR;
				CLANG_WARN_EMPTY_BODY = YES;
				CLANG_WARN_ENUM_CONVERSION = YES;
				CLANG_WARN_INT_CONVERSION = YES;
				CLANG_WARN_OBJC_ROOT_CLASS = YES_ERROR;
				CLANG_WARN_UNREACHABLE_CODE = YES;
				CLANG_WARN__DUPLICATE_METHOD_MATCH = YES;
				"CODE_SIGN_IDENTITY[sdk=iphoneos*]" = "iPhone Developer";
				COPY_PHASE_STRIP = NO;
				DEBUG_INFORMATION_FORMAT = "dwarf-with-dsym";
				ENABLE_STRICT_OBJC_MSGSEND = YES;
				GCC_C_LANGUAGE_STANDARD = gnu99;
				GCC_DYNAMIC_NO_PIC = NO;
				GCC_NO_COMMON_BLOCKS = YES;
				GCC_OPTIMIZATION_LEVEL = 0;
				GCC_PREPROCESSOR_DEFINITIONS = (
					"DEBUG=1",
					"$(inherited)",
				);
				GCC_SYMBOLS_PRIVATE_EXTERN = NO;
				GCC_WARN_64_TO_32_BIT_CONVERSION = YES;
				GCC_WARN_ABOUT_RETURN_TYPE = YES_ERROR;
				GCC_WARN_UNDECLARED_SELECTOR = YES;
				GCC_WARN_UNINITIALIZED_AUTOS = YES_AGGRESSIVE;
				GCC_WARN_UNUSED_FUNCTION = YES;
				GCC_WARN_UNUSED_VARIABLE = YES;
				IPHONEOS_DEPLOYMENT_TARGET = 8.4;
				MTL_ENABLE_DEBUG_INFO = YES;
				ONLY_ACTIVE_ARCH = YES;
				SDKROOT = iphoneos;
			};
			name = Debug;
		};
		84AEA08F1B82161800737911 /* Release */ = {
			isa = XCBuildConfiguration;
			buildSettings = {
				ALWAYS_SEARCH_USER_PATHS = NO;
				CLANG_CXX_LANGUAGE_STANDARD = "gnu++0x";
				CLANG_CXX_LIBRARY = "libc++";
				CLANG_ENABLE_MODULES = YES;
				CLANG_ENABLE_OBJC_ARC = YES;
				CLANG_WARN_BOOL_CONVERSION = YES;
				CLANG_WARN_CONSTANT_CONVERSION = YES;
				CLANG_WARN_DIRECT_OBJC_ISA_USAGE = YES_ERROR;
				CLANG_WARN_EMPTY_BODY = YES;
				CLANG_WARN_ENUM_CONVERSION = YES;
				CLANG_WARN_INT_CONVERSION = YES;
				CLANG_WARN_OBJC_ROOT_CLASS = YES_ERROR;
				CLANG_WARN_UNREACHABLE_CODE = YES;
				CLANG_WARN__DUPLICATE_METHOD_MATCH = YES;
				"CODE_SIGN_IDENTITY[sdk=iphoneos*]" = "iPhone Developer";
				COPY_PHASE_STRIP = NO;
				DEBUG_INFORMATION_FORMAT = "dwarf-with-dsym";
				ENABLE_NS_ASSERTIONS = NO;
				ENABLE_STRICT_OBJC_MSGSEND = YES;
				GCC_C_LANGUAGE_STANDARD = gnu99;
				GCC_NO_COMMON_BLOCKS = YES;
				GCC_WARN_64_TO_32_BIT_CONVERSION = YES;
				GCC_WARN_ABOUT_RETURN_TYPE = YES_ERROR;
				GCC_WARN_UNDECLARED_SELECTOR = YES;
				GCC_WARN_UNINITIALIZED_AUTOS = YES_AGGRESSIVE;
				GCC_WARN_UNUSED_FUNCTION = YES;
				GCC_WARN_UNUSED_VARIABLE = YES;
				IPHONEOS_DEPLOYMENT_TARGET = 8.4;
				MTL_ENABLE_DEBUG_INFO = NO;
				SDKROOT = iphoneos;
				VALIDATE_PRODUCT = YES;
			};
			name = Release;
		};
		84AEA0911B82161800737911 /* Debug */ = {
			isa = XCBuildConfiguration;
			buildSettings = {
				ASSETCATALOG_COMPILER_APPICON_NAME = AppIcon;
				INFOPLIST_FILE = "$(SRCROOT)/Matchismo/Info.plist";
				LD_RUNPATH_SEARCH_PATHS = "$(inherited) @executable_path/Frameworks";
				PRODUCT_NAME = Matchismo;
			};
			name = Debug;
		};
		84AEA0921B82161800737911 /* Release */ = {
			isa = XCBuildConfiguration;
			buildSettings = {
				ASSETCATALOG_COMPILER_APPICON_NAME = AppIcon;
				INFOPLIST_FILE = "$(SRCROOT)/Matchismo/Info.plist";
				LD_RUNPATH_SEARCH_PATHS = "$(inherited) @executable_path/Frameworks";
				PRODUCT_NAME = Matchismo;
			};
			name = Release;
		};
		84AEA0941B82161800737911 /* Debug */ = {
			isa = XCBuildConfiguration;
			buildSettings = {
				BUNDLE_LOADER = "$(TEST_HOST)";
				FRAMEWORK_SEARCH_PATHS = (
					"$(SDKROOT)/Developer/Library/Frameworks",
					"$(inherited)",
				);
				GCC_PREPROCESSOR_DEFINITIONS = (
					"DEBUG=1",
					"$(inherited)",
				);
				INFOPLIST_FILE = MatchismoTests/Info.plist;
				LD_RUNPATH_SEARCH_PATHS = "$(inherited) @executable_path/Frameworks @loader_path/Frameworks";
				PRODUCT_NAME = MatchismoTests;
				TEST_HOST = "$(BUILT_PRODUCTS_DIR)/Matchismo.app/Matchismo";
			};
			name = Debug;
		};
		84AEA0951B82161800737911 /* Release */ = {
			isa = XCBuildConfiguration;
			buildSettings = {
				BUNDLE_LOADER = "$(TEST_HOST)";
				FRAMEWORK_SEARCH_PATHS = (
					"$(SDKROOT)/Developer/Library/Frameworks",
					"$(inherited)",
				);
				INFOPLIST_FILE = MatchismoTests/Info.plist;
				LD_RUNPATH_SEARCH_PATHS = "$(inherited) @executable_path/Frameworks @loader_path/Frameworks";
				PRODUCT_NAME = MatchismoTests;
				TEST_HOST = "$(BUILT_PRODUCTS_DIR)/Matchismo.app/Matchismo";
			};
			name = Release;
		};
/* End XCBuildConfiguration section */

/* Begin XCConfigurationList section */
		84AEA0681B82161700737911 /* Build configuration list for PBXProject "Matchismo" */ = {
			isa = XCConfigurationList;
			buildConfigurations = (
				84AEA08E1B82161800737911 /* Debug */,
				84AEA08F1B82161800737911 /* Release */,
			);
			defaultConfigurationIsVisible = 0;
			defaultConfigurationName = Release;
		};
		84AEA0901B82161800737911 /* Build configuration list for PBXNativeTarget "Matchismo" */ = {
			isa = XCConfigurationList;
			buildConfigurations = (
				84AEA0911B82161800737911 /* Debug */,
				84AEA0921B82161800737911 /* Release */,
			);
			defaultConfigurationIsVisible = 0;
			defaultConfigurationName = Release;
		};
		84AEA0931B82161800737911 /* Build configuration list for PBXNativeTarget "MatchismoTests" */ = {
			isa = XCConfigurationList;
			buildConfigurations = (
				84AEA0941B82161800737911 /* Debug */,
				84AEA0951B82161800737911 /* Release */,
			);
			defaultConfigurationIsVisible = 0;
			defaultConfigurationName = Release;
		};
/* End XCConfigurationList section */
	};
	rootObject = 84AEA0651B82161700737911 /* Project object */;
}
